
Microsoft Visual Studio Solution File, Format Version 12.00
# Visual Studio 15
VisualStudioVersion = 15.0.26124.0
MinimumVisualStudioVersion = 15.0.26124.0
Project("{FAE04EC0-301F-11D3-BF4B-00C04F79EFBC}") = "dominio", "dominio\dominio.csproj", "{16CFFE04-617B-4C56-BB40-C2994F3E94B3}"
EndProject
Project("{FAE04EC0-301F-11D3-BF4B-00C04F79EFBC}") = "aplicacion", "aplicacion\aplicacion.csproj", "{D4722881-11E4-46E4-A702-E65365F8B770}"
EndProject
Project("{FAE04EC0-301F-11D3-BF4B-00C04F79EFBC}") = "infraestructura", "infraestructura\infraestructura.csproj", "{0A7905BB-1326-4E50-94E1-12D918405EE7}"
EndProject
Project("{FAE04EC0-301F-11D3-BF4B-00C04F79EFBC}") = "ioc", "ioc\ioc.csproj", "{C7AB4137-ABFC-4494-B15F-4889CAE41709}"
EndProject
Project("{FAE04EC0-301F-11D3-BF4B-00C04F79EFBC}") = "tests", "tests\tests.csproj", "{E44785F6-978C-4FA5-ADD3-922B0A83C0B3}"
EndProject
Project("{FAE04EC0-301F-11D3-BF4B-00C04F79EFBC}") = "web", "web\web.csproj", "{6B8F567C-62AF-40CB-B228-A594266B2BAF}"
EndProject
Global
	GlobalSection(SolutionConfigurationPlatforms) = preSolution
		Debug|Any CPU = Debug|Any CPU
		Debug|x64 = Debug|x64
		Debug|x86 = Debug|x86
		Release|Any CPU = Release|Any CPU
		Release|x64 = Release|x64
		Release|x86 = Release|x86
	EndGlobalSection
	GlobalSection(SolutionProperties) = preSolution
		HideSolutionNode = FALSE
	EndGlobalSection
	GlobalSection(ProjectConfigurationPlatforms) = postSolution
		{16CFFE04-617B-4C56-BB40-C2994F3E94B3}.Debug|Any CPU.ActiveCfg = Debug|Any CPU
		{16CFFE04-617B-4C56-BB40-C2994F3E94B3}.Debug|Any CPU.Build.0 = Debug|Any CPU
		{16CFFE04-617B-4C56-BB40-C2994F3E94B3}.Debug|x64.ActiveCfg = Debug|Any CPU
		{16CFFE04-617B-4C56-BB40-C2994F3E94B3}.Debug|x64.Build.0 = Debug|Any CPU
		{16CFFE04-617B-4C56-BB40-C2994F3E94B3}.Debug|x86.ActiveCfg = Debug|Any CPU
		{16CFFE04-617B-4C56-BB40-C2994F3E94B3}.Debug|x86.Build.0 = Debug|Any CPU
		{16CFFE04-617B-4C56-BB40-C2994F3E94B3}.Release|Any CPU.ActiveCfg = Release|Any CPU
		{16CFFE04-617B-4C56-BB40-C2994F3E94B3}.Release|Any CPU.Build.0 = Release|Any CPU
		{16CFFE04-617B-4C56-BB40-C2994F3E94B3}.Release|x64.ActiveCfg = Release|Any CPU
		{16CFFE04-617B-4C56-BB40-C2994F3E94B3}.Release|x64.Build.0 = Release|Any CPU
		{16CFFE04-617B-4C56-BB40-C2994F3E94B3}.Release|x86.ActiveCfg = Release|Any CPU
		{16CFFE04-617B-4C56-BB40-C2994F3E94B3}.Release|x86.Build.0 = Release|Any CPU
		{D4722881-11E4-46E4-A702-E65365F8B770}.Debug|Any CPU.ActiveCfg = Debug|Any CPU
		{D4722881-11E4-46E4-A702-E65365F8B770}.Debug|Any CPU.Build.0 = Debug|Any CPU
		{D4722881-11E4-46E4-A702-E65365F8B770}.Debug|x64.ActiveCfg = Debug|Any CPU
		{D4722881-11E4-46E4-A702-E65365F8B770}.Debug|x64.Build.0 = Debug|Any CPU
		{D4722881-11E4-46E4-A702-E65365F8B770}.Debug|x86.ActiveCfg = Debug|Any CPU
		{D4722881-11E4-46E4-A702-E65365F8B770}.Debug|x86.Build.0 = Debug|Any CPU
		{D4722881-11E4-46E4-A702-E65365F8B770}.Release|Any CPU.ActiveCfg = Release|Any CPU
		{D4722881-11E4-46E4-A702-E65365F8B770}.Release|Any CPU.Build.0 = Release|Any CPU
		{D4722881-11E4-46E4-A702-E65365F8B770}.Release|x64.ActiveCfg = Release|Any CPU
		{D4722881-11E4-46E4-A702-E65365F8B770}.Release|x64.Build.0 = Release|Any CPU
		{D4722881-11E4-46E4-A702-E65365F8B770}.Release|x86.ActiveCfg = Release|Any CPU
		{D4722881-11E4-46E4-A702-E65365F8B770}.Release|x86.Build.0 = Release|Any CPU
		{0A7905BB-1326-4E50-94E1-12D918405EE7}.Debug|Any CPU.ActiveCfg = Debug|Any CPU
		{0A7905BB-1326-4E50-94E1-12D918405EE7}.Debug|Any CPU.Build.0 = Debug|Any CPU
		{0A7905BB-1326-4E50-94E1-12D918405EE7}.Debug|x64.ActiveCfg = Debug|Any CPU
		{0A7905BB-1326-4E50-94E1-12D918405EE7}.Debug|x64.Build.0 = Debug|Any CPU
		{0A7905BB-1326-4E50-94E1-12D918405EE7}.Debug|x86.ActiveCfg = Debug|Any CPU
		{0A7905BB-1326-4E50-94E1-12D918405EE7}.Debug|x86.Build.0 = Debug|Any CPU
		{0A7905BB-1326-4E50-94E1-12D918405EE7}.Release|Any CPU.ActiveCfg = Release|Any CPU
		{0A7905BB-1326-4E50-94E1-12D918405EE7}.Release|Any CPU.Build.0 = Release|Any CPU
		{0A7905BB-1326-4E50-94E1-12D918405EE7}.Release|x64.ActiveCfg = Release|Any CPU
		{0A7905BB-1326-4E50-94E1-12D918405EE7}.Release|x64.Build.0 = Release|Any CPU
		{0A7905BB-1326-4E50-94E1-12D918405EE7}.Release|x86.ActiveCfg = Release|Any CPU
		{0A7905BB-1326-4E50-94E1-12D918405EE7}.Release|x86.Build.0 = Release|Any CPU
		{C7AB4137-ABFC-4494-B15F-4889CAE41709}.Debug|Any CPU.ActiveCfg = Debug|Any CPU
		{C7AB4137-ABFC-4494-B15F-4889CAE41709}.Debug|Any CPU.Build.0 = Debug|Any CPU
		{C7AB4137-ABFC-4494-B15F-4889CAE41709}.Debug|x64.ActiveCfg = Debug|Any CPU
		{C7AB4137-ABFC-4494-B15F-4889CAE41709}.Debug|x64.Build.0 = Debug|Any CPU
		{C7AB4137-ABFC-4494-B15F-4889CAE41709}.Debug|x86.ActiveCfg = Debug|Any CPU
		{C7AB4137-ABFC-4494-B15F-4889CAE41709}.Debug|x86.Build.0 = Debug|Any CPU
		{C7AB4137-ABFC-4494-B15F-4889CAE41709}.Release|Any CPU.ActiveCfg = Release|Any CPU
		{C7AB4137-ABFC-4494-B15F-4889CAE41709}.Release|Any CPU.Build.0 = Release|Any CPU
		{C7AB4137-ABFC-4494-B15F-4889CAE41709}.Release|x64.ActiveCfg = Release|Any CPU
		{C7AB4137-ABFC-4494-B15F-4889CAE41709}.Release|x64.Build.0 = Release|Any CPU
		{C7AB4137-ABFC-4494-B15F-4889CAE41709}.Release|x86.ActiveCfg = Release|Any CPU
		{C7AB4137-ABFC-4494-B15F-4889CAE41709}.Release|x86.Build.0 = Release|Any CPU
		{E44785F6-978C-4FA5-ADD3-922B0A83C0B3}.Debug|Any CPU.ActiveCfg = Debug|Any CPU
		{E44785F6-978C-4FA5-ADD3-922B0A83C0B3}.Debug|Any CPU.Build.0 = Debug|Any CPU
		{E44785F6-978C-4FA5-ADD3-922B0A83C0B3}.Debug|x64.ActiveCfg = Debug|Any CPU
		{E44785F6-978C-4FA5-ADD3-922B0A83C0B3}.Debug|x64.Build.0 = Debug|Any CPU
		{E44785F6-978C-4FA5-ADD3-922B0A83C0B3}.Debug|x86.ActiveCfg = Debug|Any CPU
		{E44785F6-978C-4FA5-ADD3-922B0A83C0B3}.Debug|x86.Build.0 = Debug|Any CPU
		{E44785F6-978C-4FA5-ADD3-922B0A83C0B3}.Release|Any CPU.ActiveCfg = Release|Any CPU
		{E44785F6-978C-4FA5-ADD3-922B0A83C0B3}.Release|Any CPU.Build.0 = Release|Any CPU
		{E44785F6-978C-4FA5-ADD3-922B0A83C0B3}.Release|x64.ActiveCfg = Release|Any CPU
		{E44785F6-978C-4FA5-ADD3-922B0A83C0B3}.Release|x64.Build.0 = Release|Any CPU
		{E44785F6-978C-4FA5-ADD3-922B0A83C0B3}.Release|x86.ActiveCfg = Release|Any CPU
		{E44785F6-978C-4FA5-ADD3-922B0A83C0B3}.Release|x86.Build.0 = Release|Any CPU
		{6B8F567C-62AF-40CB-B228-A594266B2BAF}.Debug|Any CPU.ActiveCfg = Debug|Any CPU
		{6B8F567C-62AF-40CB-B228-A594266B2BAF}.Debug|Any CPU.Build.0 = Debug|Any CPU
		{6B8F567C-62AF-40CB-B228-A594266B2BAF}.Debug|x64.ActiveCfg = Debug|Any CPU
		{6B8F567C-62AF-40CB-B228-A594266B2BAF}.Debug|x64.Build.0 = Debug|Any CPU
		{6B8F567C-62AF-40CB-B228-A594266B2BAF}.Debug|x86.ActiveCfg = Debug|Any CPU
		{6B8F567C-62AF-40CB-B228-A594266B2BAF}.Debug|x86.Build.0 = Debug|Any CPU
		{6B8F567C-62AF-40CB-B228-A594266B2BAF}.Release|Any CPU.ActiveCfg = Release|Any CPU
		{6B8F567C-62AF-40CB-B228-A594266B2BAF}.Release|Any CPU.Build.0 = Release|Any CPU
		{6B8F567C-62AF-40CB-B228-A594266B2BAF}.Release|x64.ActiveCfg = Release|Any CPU
		{6B8F567C-62AF-40CB-B228-A594266B2BAF}.Release|x64.Build.0 = Release|Any CPU
		{6B8F567C-62AF-40CB-B228-A594266B2BAF}.Release|x86.ActiveCfg = Release|Any CPU
		{6B8F567C-62AF-40CB-B228-A594266B2BAF}.Release|x86.Build.0 = Release|Any CPU
	EndGlobalSection
EndGlobal
